
Microsoft Visual Studio Solution File, Format Version 12.00
# Visual Studio Version 17
VisualStudioVersion = 17.1.32421.90
MinimumVisualStudioVersion = 10.0.40219.1
Project("{FAE04EC0-301F-11D3-BF4B-00C04F79EFBC}") = "HamedanyExercices", "HamedanyExercices.csproj", "{E9D4038B-5BD0-4037-904B-6D75186662C0}"
EndProject
Global
	GlobalSection(SolutionConfigurationPlatforms) = preSolution
		Debug|Any CPU = Debug|Any CPU
		Release|Any CPU = Release|Any CPU
	EndGlobalSection
	GlobalSection(ProjectConfigurationPlatforms) = postSolution
		{E9D4038B-5BD0-4037-904B-6D75186662C0}.Debug|Any CPU.ActiveCfg = Debug|Any CPU
		{E9D4038B-5BD0-4037-904B-6D75186662C0}.Debug|Any CPU.Build.0 = Debug|Any CPU
		{E9D4038B-5BD0-4037-904B-6D75186662C0}.Release|Any CPU.ActiveCfg = Release|Any CPU
		{E9D4038B-5BD0-4037-904B-6D75186662C0}.Release|Any CPU.Build.0 = Release|Any CPU
	EndGlobalSection
	GlobalSection(SolutionProperties) = preSolution
		HideSolutionNode = FALSE
	EndGlobalSection
	GlobalSection(ExtensibilityGlobals) = postSolution
		SolutionGuid = {E2D89310-7D03-427D-8E33-FF04B03D2F56}
	EndGlobalSection
EndGlobal
